
Microsoft Visual Studio Solution File, Format Version 12.00
# Visual Studio Version 16
VisualStudioVersion = 16.0.33529.622
MinimumVisualStudioVersion = 10.0.40219.1
Project("{FAE04EC0-301F-11D3-BF4B-00C04F79EFBC}") = "SalesmanTask", "SalesmanTask\SalesmanTask.csproj", "{2BC838EA-F5FF-45D0-95F9-1627214FEDA1}"
EndProject
Global
	GlobalSection(SolutionConfigurationPlatforms) = preSolution
		Debug|Any CPU = Debug|Any CPU
		Release|Any CPU = Release|Any CPU
	EndGlobalSection
	GlobalSection(ProjectConfigurationPlatforms) = postSolution
		{2BC838EA-F5FF-45D0-95F9-1627214FEDA1}.Debug|Any CPU.ActiveCfg = Debug|Any CPU
		{2BC838EA-F5FF-45D0-95F9-1627214FEDA1}.Debug|Any CPU.Build.0 = Debug|Any CPU
		{2BC838EA-F5FF-45D0-95F9-1627214FEDA1}.Release|Any CPU.ActiveCfg = Release|Any CPU
		{2BC838EA-F5FF-45D0-95F9-1627214FEDA1}.Release|Any CPU.Build.0 = Release|Any CPU
	EndGlobalSection
	GlobalSection(SolutionProperties) = preSolution
		HideSolutionNode = FALSE
	EndGlobalSection
	GlobalSection(ExtensibilityGlobals) = postSolution
		SolutionGuid = {C8991747-0D83-4991-A618-6F40B93A9201}
	EndGlobalSection
EndGlobal
